
Microsoft Visual Studio Solution File, Format Version 12.00
# Visual Studio Version 17
VisualStudioVersion = 17.3.32929.385
MinimumVisualStudioVersion = 10.0.40219.1
Project("{9A19103F-16F7-4668-BE54-9A1E7A4F7556}") = "TextTSL", "TextTSL\TextTSL.csproj", "{5B0C13FE-599F-41E8-95E1-5376CAA8C1EF}"
EndProject
Project("{9A19103F-16F7-4668-BE54-9A1E7A4F7556}") = "WebOdataTest", "WebOdataTest\WebOdataTest.csproj", "{DB34B212-2C1F-4D0E-8A3A-D167BC891443}"
EndProject
Project("{FAE04EC0-301F-11D3-BF4B-00C04F79EFBC}") = "Sql_Data", "Sql_Data\Sql_Data.csproj", "{B1DA2B52-3FDF-4270-9DF7-6BDAFAC6030F}"
EndProject
Global
	GlobalSection(SolutionConfigurationPlatforms) = preSolution
		Debug|Any CPU = Debug|Any CPU
		Release|Any CPU = Release|Any CPU
	EndGlobalSection
	GlobalSection(ProjectConfigurationPlatforms) = postSolution
		{5B0C13FE-599F-41E8-95E1-5376CAA8C1EF}.Debug|Any CPU.ActiveCfg = Debug|Any CPU
		{5B0C13FE-599F-41E8-95E1-5376CAA8C1EF}.Debug|Any CPU.Build.0 = Debug|Any CPU
		{5B0C13FE-599F-41E8-95E1-5376CAA8C1EF}.Release|Any CPU.ActiveCfg = Release|Any CPU
		{5B0C13FE-599F-41E8-95E1-5376CAA8C1EF}.Release|Any CPU.Build.0 = Release|Any CPU
		{DB34B212-2C1F-4D0E-8A3A-D167BC891443}.Debug|Any CPU.ActiveCfg = Debug|Any CPU
		{DB34B212-2C1F-4D0E-8A3A-D167BC891443}.Debug|Any CPU.Build.0 = Debug|Any CPU
		{DB34B212-2C1F-4D0E-8A3A-D167BC891443}.Release|Any CPU.ActiveCfg = Release|Any CPU
		{DB34B212-2C1F-4D0E-8A3A-D167BC891443}.Release|Any CPU.Build.0 = Release|Any CPU
		{B1DA2B52-3FDF-4270-9DF7-6BDAFAC6030F}.Debug|Any CPU.ActiveCfg = Debug|Any CPU
		{B1DA2B52-3FDF-4270-9DF7-6BDAFAC6030F}.Debug|Any CPU.Build.0 = Debug|Any CPU
		{B1DA2B52-3FDF-4270-9DF7-6BDAFAC6030F}.Release|Any CPU.ActiveCfg = Release|Any CPU
		{B1DA2B52-3FDF-4270-9DF7-6BDAFAC6030F}.Release|Any CPU.Build.0 = Release|Any CPU
	EndGlobalSection
	GlobalSection(SolutionProperties) = preSolution
		HideSolutionNode = FALSE
	EndGlobalSection
	GlobalSection(ExtensibilityGlobals) = postSolution
		SolutionGuid = {F00DBBD3-4FC4-43C5-8517-4C9FCFC2EF4B}
	EndGlobalSection
EndGlobal
